
Microsoft Visual Studio Solution File, Format Version 12.00
# Visual Studio 15
VisualStudioVersion = 15.0.28307.329
MinimumVisualStudioVersion = 10.0.40219.1
Project("{FAE04EC0-301F-11D3-BF4B-00C04F79EFBC}") = "BluEPRint2", "BluEPRint2\BluEPRint2.csproj", "{02F576F8-4D84-4B27-8474-886CD9E783B6}"
EndProject
Project("{FAE04EC0-301F-11D3-BF4B-00C04F79EFBC}") = "ESPlug", "ESPlug\ESPlug.csproj", "{ADCCC3D8-8773-461B-8C6A-7C719C964600}"
EndProject
Global
	GlobalSection(SolutionConfigurationPlatforms) = preSolution
		Debug|Any CPU = Debug|Any CPU
		Release|Any CPU = Release|Any CPU
	EndGlobalSection
	GlobalSection(ProjectConfigurationPlatforms) = postSolution
		{02F576F8-4D84-4B27-8474-886CD9E783B6}.Debug|Any CPU.ActiveCfg = Debug|Any CPU
		{02F576F8-4D84-4B27-8474-886CD9E783B6}.Debug|Any CPU.Build.0 = Debug|Any CPU
		{02F576F8-4D84-4B27-8474-886CD9E783B6}.Release|Any CPU.ActiveCfg = Release|Any CPU
		{02F576F8-4D84-4B27-8474-886CD9E783B6}.Release|Any CPU.Build.0 = Release|Any CPU
		{ADCCC3D8-8773-461B-8C6A-7C719C964600}.Debug|Any CPU.ActiveCfg = Debug|Any CPU
		{ADCCC3D8-8773-461B-8C6A-7C719C964600}.Debug|Any CPU.Build.0 = Debug|Any CPU
		{ADCCC3D8-8773-461B-8C6A-7C719C964600}.Release|Any CPU.ActiveCfg = Release|Any CPU
		{ADCCC3D8-8773-461B-8C6A-7C719C964600}.Release|Any CPU.Build.0 = Release|Any CPU
	EndGlobalSection
	GlobalSection(SolutionProperties) = preSolution
		HideSolutionNode = FALSE
	EndGlobalSection
	GlobalSection(ExtensibilityGlobals) = postSolution
		SolutionGuid = {A8FD85A8-E27B-4393-9437-F77E6EE8407D}
	EndGlobalSection
EndGlobal
